
Microsoft Visual Studio Solution File, Format Version 12.00
# Visual Studio Version 17
VisualStudioVersion = 17.9.34723.18
MinimumVisualStudioVersion = 10.0.40219.1
Project("{FAE04EC0-301F-11D3-BF4B-00C04F79EFBC}") = "HT3", "HT3.csproj", "{CAA7245B-FDE6-423C-A3E1-8858F1BFD176}"
EndProject
Global
	GlobalSection(SolutionConfigurationPlatforms) = preSolution
		Debug|Any CPU = Debug|Any CPU
		Release|Any CPU = Release|Any CPU
	EndGlobalSection
	GlobalSection(ProjectConfigurationPlatforms) = postSolution
		{CAA7245B-FDE6-423C-A3E1-8858F1BFD176}.Debug|Any CPU.ActiveCfg = Debug|Any CPU
		{CAA7245B-FDE6-423C-A3E1-8858F1BFD176}.Debug|Any CPU.Build.0 = Debug|Any CPU
		{CAA7245B-FDE6-423C-A3E1-8858F1BFD176}.Release|Any CPU.ActiveCfg = Release|Any CPU
		{CAA7245B-FDE6-423C-A3E1-8858F1BFD176}.Release|Any CPU.Build.0 = Release|Any CPU
	EndGlobalSection
	GlobalSection(SolutionProperties) = preSolution
		HideSolutionNode = FALSE
	EndGlobalSection
	GlobalSection(ExtensibilityGlobals) = postSolution
		SolutionGuid = {8B5B7C30-7D76-4BB5-815A-0027F8F9DFEF}
	EndGlobalSection
EndGlobal
